{
  "name": "burgieclan-collab",
  "version": "0.1.0",
  "lockfileVersion": 3,
  "requires": true,
  "packages": {
    "": {
      "name": "burgieclan-collab",
      "version": "0.1.0",
      "dependencies": {
        "@hocuspocus/server": "^4.7.0",
        "@hocuspocus/transformer": "^4.7.0",
        "@tiptap/core": "^3.31.3",
        "@tiptap/pm": "^3.31.3",
        "@tiptap/starter-kit": "^3.31.3",
        "jose": "^6.2.12",
        "y-prosemirror": "^1.3.7",
        "y-protocols": "^1.0.6",
        "yjs": "^13.6.33"
      },
      "devDependencies": {
        "@hocuspocus/provider": "4.7.0",
        "@types/node": "24.19.0",
        "typescript": "6.0.3"
      },
      "engines": {
        "node": ">=22.18"
      }
    },
    "node_modules/@hocuspocus/common": {
      "version": "4.7.0",
      "resolved": "https://registry.npmjs.org/@hocuspocus/common/-/common-4.7.0.tgz",
      "integrity": "sha512-KyS6dXoIcWsd+v3gwd6nnZW04M77df5XstPNkOwqoDxwuncygobEN7xsf0x2PmdvlQdQyRaLm2SF4r1GZZGRnA==",
      "license": "MIT",
      "dependencies": {
        "lib0": "^0.2.117"
      }
    },
    "node_modules/@hocuspocus/provider": {
      "version": "4.7.0",
      "resolved": "https://registry.npmjs.org/@hocuspocus/provider/-/provider-4.7.0.tgz",
      "integrity": "sha512-BOAqoj6g4EZQ9pTwIiR7bNl1QkMAnrr8EY69jMcdhSLFtTrsKaE8hsDIEncPFnGq+khWRFCAPEJSM7F9HC7fvQ==",
      "dev": true,
      "license": "MIT",
      "dependencies": {
        "@hocuspocus/common": "^4.7.0",
        "@lifeomic/attempt": "^3.1.0",
        "lib0": "^0.2.117"
      },
      "peerDependencies": {
        "y-protocols": "^1.0.6",
        "yjs": "^13.6.8"
      }
    },
    "node_modules/@hocuspocus/server": {
      "version": "4.7.0",
      "resolved": "https://registry.npmjs.org/@hocuspocus/server/-/server-4.7.0.tgz",
      "integrity": "sha512-rlHSxGXEkYvHgQa9Q8prjMHChIl7daZlXL1pezifS8j+svLHQPKLfevNBxFKc+ZW5pLpUiUJGU++O8eJlSt3Ew==",
      "license": "MIT",
      "dependencies": {
        "@hocuspocus/common": "^4.7.0",
        "async-mutex": "^0.5.0",
        "crossws": "^0.4.4",
        "kleur": "^4.1.5",
        "lib0": "^0.2.117"
      },
      "engines": {
        "node": ">=22"
      },
      "peerDependencies": {
        "y-protocols": "^1.0.6",
        "yjs": "^13.6.8"
      }
    },
    "node_modules/@hocuspocus/transformer": {
      "version": "4.7.0",
      "resolved": "https://registry.npmjs.org/@hocuspocus/transformer/-/transformer-4.7.0.tgz",
      "integrity": "sha512-aUQ5mmQAqUjeMTlUbblgP9voTZKaFsdac43/jTbEwVDcGJFusbHfPSqaIYRSN/QH+SSibzpI7rLi0GbspAOf9Q==",
      "license": "MIT",
      "dependencies": {
        "@tiptap/starter-kit": "^3.19.0"
      },
      "peerDependencies": {
        "@tiptap/core": "^3.0.1",
        "@tiptap/pm": "^3.0.1",
        "y-prosemirror": "^1.2.1",
        "yjs": "^13.6.8"
      }
    },
    "node_modules/@lifeomic/attempt": {
      "version": "3.1.0",
      "resolved": "https://registry.npmjs.org/@lifeomic/attempt/-/attempt-3.1.0.tgz",
      "integrity": "sha512-QZqem4QuAnAyzfz+Gj5/+SLxqwCAw2qmt7732ZXodr6VDWGeYLG6w1i/vYLa55JQM9wRuBKLmXmiZ2P0LtE5rw==",
      "dev": true,
      "license": "MIT"
    },
    "node_modules/@tiptap/core": {
      "version": "3.31.3",
      "resolved": "https://registry.npmjs.org/@tiptap/core/-/core-3.31.3.tgz",
      "integrity": "sha512-Cz50pvciQrxdSxgTkHOVz0uD0Yl/8Xt0QatGD6ILm47jW8EzyHR9RkUGs/D5IqzXKuVPntfw1ttaT926vXfiRg==",
      "license": "MIT",
      "funding": {
        "type": "github",
        "url": "https://github.com/sponsors/ueberdosis"
      },
      "peerDependencies": {
        "@tiptap/pm": "3.31.3"
      }
    },
    "node_modules/@tiptap/extension-blockquote": {
      "version": "3.31.3",
      "resolved": "https://registry.npmjs.org/@tiptap/extension-blockquote/-/extension-blockquote-3.31.3.tgz",
      "integrity": "sha512-fyY2XMbyDDDfOTQ1Qdrnqa1qwC9DWE4n7AfE0EKQI0G8MfLV8RaDlLDcOZDJ9JbMPY7/Gx7EjyK4NKxSW9n2hQ==",
      "license": "MIT",
      "funding": {
        "type": "github",
        "url": "https://github.com/sponsors/ueberdosis"
      },
      "peerDependencies": {
        "@tiptap/core": "3.31.3",
        "@tiptap/pm": "3.31.3"
      }
    },
    "node_modules/@tiptap/extension-bold": {
      "version": "3.31.3",
      "resolved": "https://registry.npmjs.org/@tiptap/extension-bold/-/extension-bold-3.31.3.tgz",
      "integrity": "sha512-dIuYhKk8TitKU/FeDpoTeWZhU42YgDN5npgWNjAmMmRktPdoxnH3/wGSiwXlqZgJWjehN7kPWDePWpJeAImGpQ==",
      "license": "MIT",
      "funding": {
        "type": "github",
        "url": "https://github.com/sponsors/ueberdosis"
      },
      "peerDependencies": {
        "@tiptap/core": "3.31.3"
      }
    },
    "node_modules/@tiptap/extension-bullet-list": {
      "version": "3.31.3",
      "resolved": "https://registry.npmjs.org/@tiptap/extension-bullet-list/-/extension-bullet-list-3.31.3.tgz",
      "integrity": "sha512-qEyyoPapPef4LO8XKaN83bxtaNzkJ4kFn/IxLnEKd4BJ3Mvi4MH2yJYlyDqwFnMoev4pMA1zBHRAt/C0THRmZw==",
      "license": "MIT",
      "funding": {
        "type": "github",
        "url": "https://github.com/sponsors/ueberdosis"
      },
      "peerDependencies": {
        "@tiptap/extension-list": "3.31.3"
      }
    },
    "node_modules/@tiptap/extension-code": {
      "version": "3.31.3",
      "resolved": "https://registry.npmjs.org/@tiptap/extension-code/-/extension-code-3.31.3.tgz",
      "integrity": "sha512-SzxOqchrD2AcN3uT67PjKmRFEMOU3vNNiwNaamZJUbZrI6Hmy+bvdHJrc3jrIddyyCrAtsnAfRI0cmorW1jGfg==",
      "license": "MIT",
      "funding": {
        "type": "github",
        "url": "https://github.com/sponsors/ueberdosis"
      },
      "peerDependencies": {
        "@tiptap/core": "3.31.3"
      }
    },
    "node_modules/@tiptap/extension-code-block": {
      "version": "3.31.3",
      "resolved": "https://registry.npmjs.org/@tiptap/extension-code-block/-/extension-code-block-3.31.3.tgz",
      "integrity": "sha512-nvknt4FhyJQjYcvxptmeUlFsIAc8ibua3E5BN4Pim374/9RWepH4cdE9X0/qUTtguHElLx0iKtSIY3rW2qGTFA==",
      "license": "MIT",
      "funding": {
        "type": "github",
        "url": "https://github.com/sponsors/ueberdosis"
      },
      "peerDependencies": {
        "@tiptap/core": "3.31.3",
        "@tiptap/pm": "3.31.3"
      }
    },
    "node_modules/@tiptap/extension-document": {
      "version": "3.31.3",
      "resolved": "https://registry.npmjs.org/@tiptap/extension-document/-/extension-document-3.31.3.tgz",
      "integrity": "sha512-EexgmqnyDNyGlISxo7SMrp5MygpJYmqD+0cY5jB6L1U6L4CpKKRWUt8OO1sWzEHDE1+TTvwt+WIFoIWAziOtEA==",
      "license": "MIT",
      "funding": {
        "type": "github",
        "url": "https://github.com/sponsors/ueberdosis"
      },
      "peerDependencies": {
        "@tiptap/core": "3.31.3"
      }
    },
    "node_modules/@tiptap/extension-dropcursor": {
      "version": "3.31.3",
      "resolved": "https://registry.npmjs.org/@tiptap/extension-dropcursor/-/extension-dropcursor-3.31.3.tgz",
      "integrity": "sha512-NWomSfu5CSC7VacnMSDzKT8qm66SzMfZwVPEtwY5bPpRTJgTiT1rNK0neDrrzfMN27MfylGyKWWf7Q5Qf8w/fg==",
      "license": "MIT",
      "funding": {
        "type": "github",
        "url": "https://github.com/sponsors/ueberdosis"
      },
      "peerDependencies": {
        "@tiptap/extensions": "3.31.3"
      }
    },
    "node_modules/@tiptap/extension-gapcursor": {
      "version": "3.31.3",
      "resolved": "https://registry.npmjs.org/@tiptap/extension-gapcursor/-/extension-gapcursor-3.31.3.tgz",
      "integrity": "sha512-EBXKb1FrVStsNYCcRGtd9jmzveCvR+eqgg1rVqoONrqFK6U7bga6LN+1dMKroP1kliDVgveYkP3vRYxqw+rFqg==",
      "license": "MIT",
      "funding": {
        "type": "github",
        "url": "https://github.com/sponsors/ueberdosis"
      },
      "peerDependencies": {
        "@tiptap/extensions": "3.31.3"
      }
    },
    "node_modules/@tiptap/extension-hard-break": {
      "version": "3.31.3",
      "resolved": "https://registry.npmjs.org/@tiptap/extension-hard-break/-/extension-hard-break-3.31.3.tgz",
      "integrity": "sha512-QAdCvNO4+yW9ATwsrej11NTkDYFqPLIEQr3ARNrKOK1qaiS7A0fia2SEukb/hrkP3A6mbozhoQt2r2RGUf/DpQ==",
      "license": "MIT",
      "funding": {
        "type": "github",
        "url": "https://github.com/sponsors/ueberdosis"
      },
      "peerDependencies": {
        "@tiptap/core": "3.31.3"
      }
    },
    "node_modules/@tiptap/extension-heading": {
      "version": "3.31.3",
      "resolved": "https://registry.npmjs.org/@tiptap/extension-heading/-/extension-heading-3.31.3.tgz",
      "integrity": "sha512-rk5VHMAeQcg06SLauN6EGdD2jc0O2qY8QkZYPd0LxNvLblw2BxBx+lxUQSYwLAT9Ie5914gKIK2YbRyO2Ts3ig==",
      "license": "MIT",
      "funding": {
        "type": "github",
        "url": "https://github.com/sponsors/ueberdosis"
      },
      "peerDependencies": {
        "@tiptap/core": "3.31.3"
      }
    },
    "node_modules/@tiptap/extension-horizontal-rule": {
      "version": "3.31.3",
      "resolved": "https://registry.npmjs.org/@tiptap/extension-horizontal-rule/-/extension-horizontal-rule-3.31.3.tgz",
      "integrity": "sha512-YnHGy2KShRwvCseAmmxl9VP7R0qaj8QMp3DA6DJWZqp7r5gLGvDkAqhedxqqefqsE4Y43hjkBdjtB9Ce78LkIw==",
      "license": "MIT",
      "funding": {
        "type": "github",
        "url": "https://github.com/sponsors/ueberdosis"
      },
      "peerDependencies": {
        "@tiptap/core": "3.31.3",
        "@tiptap/pm": "3.31.3"
      }
    },
    "node_modules/@tiptap/extension-italic": {
      "version": "3.31.3",
      "resolved": "https://registry.npmjs.org/@tiptap/extension-italic/-/extension-italic-3.31.3.tgz",
      "integrity": "sha512-ibGvdvAPyfxBMUVNRI43eb9h2/Jka1MRG5GtnGqbcCX/2+Y/y0EOfFrPQPkuYphiWQYyu9+FzPKMB/pjuaLuKQ==",
      "license": "MIT",
      "funding": {
        "type": "github",
        "url": "https://github.com/sponsors/ueberdosis"
      },
      "peerDependencies": {
        "@tiptap/core": "3.31.3"
      }
    },
    "node_modules/@tiptap/extension-link": {
      "version": "3.31.3",
      "resolved": "https://registry.npmjs.org/@tiptap/extension-link/-/extension-link-3.31.3.tgz",
      "integrity": "sha512-986wOQzTL9Zr5lf84LCLpm+YOms8A0K39/8DVoqRfebqcOe0/eq4bnztmAlfabOd+kJY92g3AgZERFUx/w+dcw==",
      "license": "MIT",
      "dependencies": {
        "linkifyjs": "^4.3.3"
      },
      "funding": {
        "type": "github",
        "url": "https://github.com/sponsors/ueberdosis"
      },
      "peerDependencies": {
        "@tiptap/core": "3.31.3",
        "@tiptap/pm": "3.31.3"
      }
    },
    "node_modules/@tiptap/extension-list": {
      "version": "3.31.3",
      "resolved": "https://registry.npmjs.org/@tiptap/extension-list/-/extension-list-3.31.3.tgz",
      "integrity": "sha512-LoveGnC0FVdCV4jUNBaG1ZA+KWE07+adzV3kGy6uUYFcJEjbVUHTnPDrBOob3IwOSO3sCwIkvQb6EVYeXn/4yg==",
      "license": "MIT",
      "funding": {
        "type": "github",
        "url": "https://github.com/sponsors/ueberdosis"
      },
      "peerDependencies": {
        "@tiptap/core": "3.31.3",
        "@tiptap/pm": "3.31.3"
      }
    },
    "node_modules/@tiptap/extension-list-item": {
      "version": "3.31.3",
      "resolved": "https://registry.npmjs.org/@tiptap/extension-list-item/-/extension-list-item-3.31.3.tgz",
      "integrity": "sha512-4QlKOriJJMvg95QJTEsy9BUYPBQ6UvJyb8WURRwdUtQUkkqb8h32lg/eyQUv2FzW9IT1AdUyNZfVaxH64kRfQA==",
      "license": "MIT",
      "funding": {
        "type": "github",
        "url": "https://github.com/sponsors/ueberdosis"
      },
      "peerDependencies": {
        "@tiptap/extension-list": "3.31.3"
      }
    },
    "node_modules/@tiptap/extension-list-keymap": {
      "version": "3.31.3",
      "resolved": "https://registry.npmjs.org/@tiptap/extension-list-keymap/-/extension-list-keymap-3.31.3.tgz",
      "integrity": "sha512-If8UOEdDZbPJU6iYTvLtH6DOp2KBy6BKxg9UELL1AevVetGHEF/7lW8hP50Gn1tHMVpPRqmhSzVrJRpEJJgb/Q==",
      "license": "MIT",
      "funding": {
        "type": "github",
        "url": "https://github.com/sponsors/ueberdosis"
      },
      "peerDependencies": {
        "@tiptap/extension-list": "3.31.3"
      }
    },
    "node_modules/@tiptap/extension-ordered-list": {
      "version": "3.31.3",
      "resolved": "https://registry.npmjs.org/@tiptap/extension-ordered-list/-/extension-ordered-list-3.31.3.tgz",
      "integrity": "sha512-mp3g11NgA/PYu8rj7J7Ez3l4qBy6WfTSmHIG4PZvEGG5w2oUAIkgb9DU7nPPzjmeme27oazFYZw+AtZA0+u4tw==",
      "license": "MIT",
      "funding": {
        "type": "github",
        "url": "https://github.com/sponsors/ueberdosis"
      },
      "peerDependencies": {
        "@tiptap/extension-list": "3.31.3"
      }
    },
    "node_modules/@tiptap/extension-paragraph": {
      "version": "3.31.3",
      "resolved": "https://registry.npmjs.org/@tiptap/extension-paragraph/-/extension-paragraph-3.31.3.tgz",
      "integrity": "sha512-+iPku7wJfy5hbNDNLX8dveFtYVsZMmh7vztjuq8hT3mipSC4IByDehDbU8fzUCjfXiEzmI7mQn7c8LGmHULuzA==",
      "license": "MIT",
      "funding": {
        "type": "github",
        "url": "https://github.com/sponsors/ueberdosis"
      },
      "peerDependencies": {
        "@tiptap/core": "3.31.3"
      }
    },
    "node_modules/@tiptap/extension-strike": {
      "version": "3.31.3",
      "resolved": "https://registry.npmjs.org/@tiptap/extension-strike/-/extension-strike-3.31.3.tgz",
      "integrity": "sha512-G29bhKttYwcKHT+BI6emWVFol3RO/gUXxQVcmr/iT8LXXy7j8J6HFUnsKM+Kg5YlP1rxMRgsa65dbrQVahZi0A==",
      "license": "MIT",
      "funding": {
        "type": "github",
        "url": "https://github.com/sponsors/ueberdosis"
      },
      "peerDependencies": {
        "@tiptap/core": "3.31.3"
      }
    },
    "node_modules/@tiptap/extension-text": {
      "version": "3.31.3",
      "resolved": "https://registry.npmjs.org/@tiptap/extension-text/-/extension-text-3.31.3.tgz",
      "integrity": "sha512-gdsWtF+taeaCu6V+5Ct10fGo0ACUy1GnYtbb+mcathBt8OqbT+Ws60p/yEmKesBDz2Hn+B5IcWy6+2BBZl5ZTg==",
      "license": "MIT",
      "funding": {
        "type": "github",
        "url": "https://github.com/sponsors/ueberdosis"
      },
      "peerDependencies": {
        "@tiptap/core": "3.31.3"
      }
    },
    "node_modules/@tiptap/extension-underline": {
      "version": "3.31.3",
      "resolved": "https://registry.npmjs.org/@tiptap/extension-underline/-/extension-underline-3.31.3.tgz",
      "integrity": "sha512-HghdJaOwRqYzsAxqSyNyb+IWyOMcdCl8IoiBETA9BZCJAqdXzFLcuWp7CqCqJPam9dgkWosSoHqTCAO4nTBfpw==",
      "license": "MIT",
      "funding": {
        "type": "github",
        "url": "https://github.com/sponsors/ueberdosis"
      },
      "peerDependencies": {
        "@tiptap/core": "3.31.3"
      }
    },
    "node_modules/@tiptap/extensions": {
      "version": "3.31.3",
      "resolved": "https://registry.npmjs.org/@tiptap/extensions/-/extensions-3.31.3.tgz",
      "integrity": "sha512-8sJNPGGUe8f3aDojcOW5cfVL7I5NrBbE0UWxG08qoi9Tea6qWbvQJsCR9tsrOapr/DaLr3kpbGZ9s1gEEfcNcA==",
      "license": "MIT",
      "funding": {
        "type": "github",
        "url": "https://github.com/sponsors/ueberdosis"
      },
      "peerDependencies": {
        "@tiptap/core": "3.31.3",
        "@tiptap/pm": "3.31.3"
      }
    },
    "node_modules/@tiptap/pm": {
      "version": "3.31.3",
      "resolved": "https://registry.npmjs.org/@tiptap/pm/-/pm-3.31.3.tgz",
      "integrity": "sha512-sZime0SWsz/k62W2WvHx5Ig7G2h7kVhrrmnqy+wEgIHfDwEfOlelRjaWCiBCFlF7dxGUntJusCh9FxlLhni0Ag==",
      "license": "MIT",
      "dependencies": {
        "prosemirror-changeset": "^2.4.1",
        "prosemirror-commands": "^1.7.1",
        "prosemirror-dropcursor": "^1.8.2",
        "prosemirror-gapcursor": "^1.4.1",
        "prosemirror-history": "^1.5.0",
        "prosemirror-inputrules": "^1.5.1",
        "prosemirror-keymap": "^1.2.3",
        "prosemirror-model": "^1.25.11",
        "prosemirror-schema-list": "^1.5.1",
        "prosemirror-state": "^1.4.4",
        "prosemirror-tables": "^1.8.5",
        "prosemirror-transform": "^1.12.0",
        "prosemirror-view": "^1.42.3"
      },
      "funding": {
        "type": "github",
        "url": "https://github.com/sponsors/ueberdosis"
      }
    },
    "node_modules/@tiptap/starter-kit": {
      "version": "3.31.3",
      "resolved": "https://registry.npmjs.org/@tiptap/starter-kit/-/starter-kit-3.31.3.tgz",
      "integrity": "sha512-WKof9RewdmGHvWJ1wn0/HVNG2mV+HOgVRyJkKekuM9fgr6BZAAH/xZsWE1eon+94JnQ+KtK2ThydXQM/qc6b2A==",
      "license": "MIT",
      "dependencies": {
        "@tiptap/core": "3.31.3",
        "@tiptap/extension-blockquote": "3.31.3",
        "@tiptap/extension-bold": "3.31.3",
        "@tiptap/extension-bullet-list": "3.31.3",
        "@tiptap/extension-code": "3.31.3",
        "@tiptap/extension-code-block": "3.31.3",
        "@tiptap/extension-document": "3.31.3",
        "@tiptap/extension-dropcursor": "3.31.3",
        "@tiptap/extension-gapcursor": "3.31.3",
        "@tiptap/extension-hard-break": "3.31.3",
        "@tiptap/extension-heading": "3.31.3",
        "@tiptap/extension-horizontal-rule": "3.31.3",
        "@tiptap/extension-italic": "3.31.3",
        "@tiptap/extension-link": "3.31.3",
        "@tiptap/extension-list": "3.31.3",
        "@tiptap/extension-list-item": "3.31.3",
        "@tiptap/extension-list-keymap": "3.31.3",
        "@tiptap/extension-ordered-list": "3.31.3",
        "@tiptap/extension-paragraph": "3.31.3",
        "@tiptap/extension-strike": "3.31.3",
        "@tiptap/extension-text": "3.31.3",
        "@tiptap/extension-underline": "3.31.3",
        "@tiptap/extensions": "3.31.3",
        "@tiptap/pm": "3.31.3"
      },
      "funding": {
        "type": "github",
        "url": "https://github.com/sponsors/ueberdosis"
      }
    },
    "node_modules/@types/node": {
      "version": "24.19.0",
      "resolved": "https://registry.npmjs.org/@types/node/-/node-24.19.0.tgz",
      "integrity": "sha512-zY+5tKxXdhGh1PYI0ac+7juvEu4OI6vWtVVoj5i2m42jxAY1U+zHGt6QCyOFwykdP62sM3MJ9stoYYUw5aCWew==",
      "dev": true,
      "license": "MIT",
      "dependencies": {
        "undici-types": ">=7.24.0 <7.24.7"
      }
    },
    "node_modules/async-mutex": {
      "version": "0.5.0",
      "resolved": "https://registry.npmjs.org/async-mutex/-/async-mutex-0.5.0.tgz",
      "integrity": "sha512-1A94B18jkJ3DYq284ohPxoXbfTA5HsQ7/Mf4DEhcyLx3Bz27Rh59iScbB6EPiP+B+joue6YCxcMXSbFC1tZKwA==",
      "license": "MIT",
      "dependencies": {
        "tslib": "^2.4.0"
      }
    },
    "node_modules/crossws": {
      "version": "0.4.12",
      "resolved": "https://registry.npmjs.org/crossws/-/crossws-0.4.12.tgz",
      "integrity": "sha512-aypfsr6t0uNvkqaZc6zvBfXzC6pLI0/sIulpkV6RwCVtZqG5ebBzv4weImKK0VNCj91Wl9F5j7p5WU4MNrybng==",
      "license": "MIT",
      "peerDependencies": {
        "srvx": ">=0.11.5"
      },
      "peerDependenciesMeta": {
        "srvx": {
          "optional": true
        }
      }
    },
    "node_modules/isomorphic.js": {
      "version": "0.2.5",
      "resolved": "https://registry.npmjs.org/isomorphic.js/-/isomorphic.js-0.2.5.tgz",
      "integrity": "sha512-PIeMbHqMt4DnUP3MA/Flc0HElYjMXArsw1qwJZcm9sqR8mq3l8NYizFMty0pWwE/tzIGH3EKK5+jes5mAr85yw==",
      "license": "MIT",
      "funding": {
        "type": "GitHub Sponsors ❤",
        "url": "https://github.com/sponsors/dmonad"
      }
    },
    "node_modules/jose": {
      "version": "6.2.12",
      "resolved": "https://registry.npmjs.org/jose/-/jose-6.2.12.tgz",
      "integrity": "sha512-9NiFmJEex0sy2Dk58j2UGBSHgUs2ypF9eZSu4L6vjOX3Dp96Sw1F3uL+H+D1sx02jZZdzUT0HgvCy59CuvXcWw==",
      "license": "MIT",
      "funding": {
        "url": "https://github.com/sponsors/panva"
      }
    },
    "node_modules/kleur": {
      "version": "4.1.5",
      "resolved": "https://registry.npmjs.org/kleur/-/kleur-4.1.5.tgz",
      "integrity": "sha512-o+NO+8WrRiQEE4/7nwRJhN1HWpVmJm511pBHUxPLtp0BUISzlBplORYSmTclCnJvQq2tKu/sgl3xVpkc7ZWuQQ==",
      "license": "MIT",
      "engines": {
        "node": ">=6"
      }
    },
    "node_modules/lib0": {
      "version": "0.2.119",
      "resolved": "https://registry.npmjs.org/lib0/-/lib0-0.2.119.tgz",
      "integrity": "sha512-vh+TiejVy8Xm+hCdnRfn9BthGNvNUZdEXltNjVZL3TzRIKP3s1lnQh8pWd/Q0wCgY0FPAGVVjFF4ZiHUV3LFgA==",
      "license": "MIT",
      "dependencies": {
        "isomorphic.js": "^0.2.4"
      },
      "bin": {
        "0ecdsa-generate-keypair": "bin/0ecdsa-generate-keypair.js",
        "0gentesthtml": "bin/gentesthtml.js",
        "0serve": "bin/0serve.js"
      },
      "engines": {
        "node": ">=16"
      },
      "funding": {
        "type": "GitHub Sponsors ❤",
        "url": "https://github.com/sponsors/dmonad"
      }
    },
    "node_modules/linkifyjs": {
      "version": "4.3.3",
      "resolved": "https://registry.npmjs.org/linkifyjs/-/linkifyjs-4.3.3.tgz",
      "integrity": "sha512-P8aEP5U/D1/IlTY2OeYsErdwh9bGuLE30NcXtKEjgdHcahveQoQwM2yZNsioQHsWFz0P7KKudisbrzCgR0sDHg==",
      "license": "MIT"
    },
    "node_modules/orderedmap": {
      "version": "2.1.1",
      "resolved": "https://registry.npmjs.org/orderedmap/-/orderedmap-2.1.1.tgz",
      "integrity": "sha512-TvAWxi0nDe1j/rtMcWcIj94+Ffe6n7zhow33h40SKxmsmozs6dz/e+EajymfoFcHd7sxNn8yHM8839uixMOV6g==",
      "license": "MIT"
    },
    "node_modules/prosemirror-changeset": {
      "version": "2.4.4",
      "resolved": "https://registry.npmjs.org/prosemirror-changeset/-/prosemirror-changeset-2.4.4.tgz",
      "integrity": "sha512-Gyuz9jYdrAeA9I7AholyOes9KUmv/lEwsC5O9s5xF5VB3EgTPsXMGUxz4+H1B+wKVPdZbvRcg1Cp3x8qX+8ofA==",
      "license": "MIT",
      "dependencies": {
        "prosemirror-transform": "^1.0.0"
      }
    },
    "node_modules/prosemirror-commands": {
      "version": "1.7.2",
      "resolved": "https://registry.npmjs.org/prosemirror-commands/-/prosemirror-commands-1.7.2.tgz",
      "integrity": "sha512-q6Q6szxqdu9Xd6EcdKsqXghu5nQdZTpB4Q9yd04WRc7/jt763e/rT60Owh0L1GYY+T46o5rD+9lEN36dZS43tw==",
      "license": "MIT",
      "dependencies": {
        "prosemirror-model": "^1.0.0",
        "prosemirror-state": "^1.0.0",
        "prosemirror-transform": "^1.10.2"
      }
    },
    "node_modules/prosemirror-dropcursor": {
      "version": "1.8.4",
      "resolved": "https://registry.npmjs.org/prosemirror-dropcursor/-/prosemirror-dropcursor-1.8.4.tgz",
      "integrity": "sha512-VmKxhcA6a+h5oPSYmfF1ZNeQqPbyYaIxqZsKqeYCyTlPtrjUgNaHL3P8vVaO19oqAV0zuaM/axkowZHrB1P3Tg==",
      "license": "MIT",
      "dependencies": {
        "prosemirror-state": "^1.0.0",
        "prosemirror-transform": "^1.1.0",
        "prosemirror-view": "^1.1.0"
      }
    },
    "node_modules/prosemirror-gapcursor": {
      "version": "1.4.1",
      "resolved": "https://registry.npmjs.org/prosemirror-gapcursor/-/prosemirror-gapcursor-1.4.1.tgz",
      "integrity": "sha512-pMdYaEnjNMSwl11yjEGtgTmLkR08m/Vl+Jj443167p9eB3HVQKhYCc4gmHVDsLPODfZfjr/MmirsdyZziXbQKw==",
      "license": "MIT",
      "dependencies": {
        "prosemirror-keymap": "^1.0.0",
        "prosemirror-model": "^1.0.0",
        "prosemirror-state": "^1.0.0",
        "prosemirror-view": "^1.0.0"
      }
    },
    "node_modules/prosemirror-history": {
      "version": "1.5.1",
      "resolved": "https://registry.npmjs.org/prosemirror-history/-/prosemirror-history-1.5.1.tgz",
      "integrity": "sha512-onlwnqKvgtFg6srZOmDOAhlAy1FIHQpOExORybX0S+DvJepE5tPALrB9iGet/2sqqqrelSnB10OoiOJqAvu2DA==",
      "license": "MIT",
      "dependencies": {
        "prosemirror-state": "^1.2.2",
        "prosemirror-transform": "^1.0.0",
        "prosemirror-view": "^1.31.0",
        "rope-sequence": "^1.3.0"
      }
    },
    "node_modules/prosemirror-inputrules": {
      "version": "1.5.1",
      "resolved": "https://registry.npmjs.org/prosemirror-inputrules/-/prosemirror-inputrules-1.5.1.tgz",
      "integrity": "sha512-7wj4uMjKaXWAQ1CDgxNzNtR9AlsuwzHfdFH1ygEHA2KHF2DOEaXl1CJfNPAKCg9qNEh4rum975QLaCiQPyY6Fw==",
      "license": "MIT",
      "dependencies": {
        "prosemirror-state": "^1.0.0",
        "prosemirror-transform": "^1.0.0"
      }
    },
    "node_modules/prosemirror-keymap": {
      "version": "1.2.3",
      "resolved": "https://registry.npmjs.org/prosemirror-keymap/-/prosemirror-keymap-1.2.3.tgz",
      "integrity": "sha512-4HucRlpiLd1IPQQXNqeo81BGtkY8Ai5smHhKW9jjPKRc2wQIxksg7Hl1tTI2IfT2B/LgX6bfYvXxEpJl7aKYKw==",
      "license": "MIT",
      "dependencies": {
        "prosemirror-state": "^1.0.0",
        "w3c-keyname": "^2.2.0"
      }
    },
    "node_modules/prosemirror-model": {
      "version": "1.25.12",
      "resolved": "https://registry.npmjs.org/prosemirror-model/-/prosemirror-model-1.25.12.tgz",
      "integrity": "sha512-Ue2gTmXMa7EhpLNhC7J+h4+ykD8ha12K6rrZFFKKJHBForfIStw5gJ6Zrf1mqqAa9NmpmEB4wp9bKmA4eUVjWg==",
      "license": "MIT",
      "dependencies": {
        "orderedmap": "^2.0.0"
      }
    },
    "node_modules/prosemirror-schema-list": {
      "version": "1.5.1",
      "resolved": "https://registry.npmjs.org/prosemirror-schema-list/-/prosemirror-schema-list-1.5.1.tgz",
      "integrity": "sha512-927lFx/uwyQaGwJxLWCZRkjXG0p48KpMj6ueoYiu4JX05GGuGcgzAy62dfiV8eFZftgyBUvLx76RsMe20fJl+Q==",
      "license": "MIT",
      "dependencies": {
        "prosemirror-model": "^1.0.0",
        "prosemirror-state": "^1.0.0",
        "prosemirror-transform": "^1.7.3"
      }
    },
    "node_modules/prosemirror-state": {
      "version": "1.4.4",
      "resolved": "https://registry.npmjs.org/prosemirror-state/-/prosemirror-state-1.4.4.tgz",
      "integrity": "sha512-6jiYHH2CIGbCfnxdHbXZ12gySFY/fz/ulZE333G6bPqIZ4F+TXo9ifiR86nAHpWnfoNjOb3o5ESi7J8Uz1jXHw==",
      "license": "MIT",
      "dependencies": {
        "prosemirror-model": "^1.0.0",
        "prosemirror-transform": "^1.0.0",
        "prosemirror-view": "^1.27.0"
      }
    },
    "node_modules/prosemirror-tables": {
      "version": "1.8.5",
      "resolved": "https://registry.npmjs.org/prosemirror-tables/-/prosemirror-tables-1.8.5.tgz",
      "integrity": "sha512-V/0cDCsHKHe/tfWkeCmthNUcEp1IVO3p6vwN8XtwE9PZQLAZJigbw3QoraAdfJPir4NKJtNvOB8oYGKRl+t0Dw==",
      "license": "MIT",
      "dependencies": {
        "prosemirror-keymap": "^1.2.3",
        "prosemirror-model": "^1.25.4",
        "prosemirror-state": "^1.4.4",
        "prosemirror-transform": "^1.10.5",
        "prosemirror-view": "^1.41.4"
      }
    },
    "node_modules/prosemirror-transform": {
      "version": "1.12.2",
      "resolved": "https://registry.npmjs.org/prosemirror-transform/-/prosemirror-transform-1.12.2.tgz",
      "integrity": "sha512-PE/aY0HEY4zczvmqrilgkUK/WautF0chvMqkmM/iN5/aPHvwrCWaQZjS6CIZp+K84YrvPFqrL+YArrfJX8xX7g==",
      "license": "MIT",
      "dependencies": {
        "prosemirror-model": "^1.21.0"
      }
    },
    "node_modules/prosemirror-view": {
      "version": "1.42.6",
      "resolved": "https://registry.npmjs.org/prosemirror-view/-/prosemirror-view-1.42.6.tgz",
      "integrity": "sha512-3g25f6hKV2bBxo3puH3EcYWmmVNSH0iWmNsMVT7sugDSpA025jgpOLarcDWr39SdzPjYMaiYtRdNtXialPSjEQ==",
      "license": "MIT",
      "dependencies": {
        "prosemirror-model": "^1.25.12",
        "prosemirror-state": "^1.0.0",
        "prosemirror-transform": "^1.1.0"
      }
    },
    "node_modules/rope-sequence": {
      "version": "1.3.4",
      "resolved": "https://registry.npmjs.org/rope-sequence/-/rope-sequence-1.3.4.tgz",
      "integrity": "sha512-UT5EDe2cu2E/6O4igUr5PSFs23nvvukicWHx6GnOPlHAiiYbzNuCRQCuiUdHJQcqKalLKlrYJnjY0ySGsXNQXQ==",
      "license": "MIT"
    },
    "node_modules/tslib": {
      "version": "2.8.1",
      "resolved": "https://registry.npmjs.org/tslib/-/tslib-2.8.1.tgz",
      "integrity": "sha512-oJFu94HQb+KVduSUQL7wnpmqnfmLsOA/nAh6b6EH0wCEoK0/mPeXU6c3wKDV83MkOuHPRHtSXKKU99IBazS/2w==",
      "license": "0BSD"
    },
    "node_modules/typescript": {
      "version": "6.0.3",
      "resolved": "https://registry.npmjs.org/typescript/-/typescript-6.0.3.tgz",
      "integrity": "sha512-y2TvuxSZPDyQakkFRPZHKFm+KKVqIisdg9/CZwm9ftvKXLP8NRWj38/ODjNbr43SsoXqNuAisEf1GdCxqWcdBw==",
      "dev": true,
      "license": "Apache-2.0",
      "bin": {
        "tsc": "bin/tsc",
        "tsserver": "bin/tsserver"
      },
      "engines": {
        "node": ">=14.17"
      }
    },
    "node_modules/undici-types": {
      "version": "7.24.6",
      "resolved": "https://registry.npmjs.org/undici-types/-/undici-types-7.24.6.tgz",
      "integrity": "sha512-WRNW+sJgj5OBN4/0JpHFqtqzhpbnV0GuB+OozA9gCL7a993SmU+1JBZCzLNxYsbMfIeDL+lTsphD5jN5N+n0zg==",
      "dev": true,
      "license": "MIT"
    },
    "node_modules/w3c-keyname": {
      "version": "2.2.8",
      "resolved": "https://registry.npmjs.org/w3c-keyname/-/w3c-keyname-2.2.8.tgz",
      "integrity": "sha512-dpojBhNsCNN7T82Tm7k26A6G9ML3NkhDsnw9n/eoxSRlVBB4CEtIQ/KTCLI2Fwf3ataSXRhYFkQi3SlnFwPvPQ==",
      "license": "MIT"
    },
    "node_modules/y-prosemirror": {
      "version": "1.3.7",
      "resolved": "https://registry.npmjs.org/y-prosemirror/-/y-prosemirror-1.3.7.tgz",
      "integrity": "sha512-NpM99WSdD4Fx4if5xOMDpPtU3oAmTSjlzh5U4353ABbRHl1HtAFUx6HlebLZfyFxXN9jzKMDkVbcRjqOZVkYQg==",
      "license": "MIT",
      "dependencies": {
        "lib0": "^0.2.109"
      },
      "engines": {
        "node": ">=16.0.0",
        "npm": ">=8.0.0"
      },
      "funding": {
        "type": "GitHub Sponsors ❤",
        "url": "https://github.com/sponsors/dmonad"
      },
      "peerDependencies": {
        "prosemirror-model": "^1.7.1",
        "prosemirror-state": "^1.2.3",
        "prosemirror-view": "^1.9.10",
        "y-protocols": "^1.0.1",
        "yjs": "^13.5.38"
      }
    },
    "node_modules/y-protocols": {
      "version": "1.0.7",
      "resolved": "https://registry.npmjs.org/y-protocols/-/y-protocols-1.0.7.tgz",
      "integrity": "sha512-YSVsLoXxO67J6eE/nV4AtFtT3QEotZf5sK5BHxFBXso7VDUT3Tx07IfA6hsu5Q5OmBdMkQVmFZ9QOA7fikWvnw==",
      "license": "MIT",
      "dependencies": {
        "lib0": "^0.2.85"
      },
      "engines": {
        "node": ">=16.0.0",
        "npm": ">=8.0.0"
      },
      "funding": {
        "type": "GitHub Sponsors ❤",
        "url": "https://github.com/sponsors/dmonad"
      },
      "peerDependencies": {
        "yjs": "^13.0.0"
      }
    },
    "node_modules/yjs": {
      "version": "13.6.33",
      "resolved": "https://registry.npmjs.org/yjs/-/yjs-13.6.33.tgz",
      "integrity": "sha512-q/UYvr1gOk4XII+Cu1CW2dINjYqJJFifTzogEaIARznrvX7uOlHsdTEXcnOBMuIsrCGEEKdNxi74kyMLZlKVfw==",
      "license": "MIT",
      "dependencies": {
        "lib0": "^0.2.99"
      },
      "engines": {
        "node": ">=16.0.0",
        "npm": ">=8.0.0"
      },
      "funding": {
        "type": "GitHub Sponsors ❤",
        "url": "https://github.com/sponsors/dmonad"
      }
    }
  }
}
